{
  "name": "bmad-mcp-server",
  "version": "2.0.0",
  "lockfileVersion": 3,
  "requires": true,
  "packages": {
    "": {
      "name": "bmad-mcp-server",
      "version": "2.0.0",
      "hasInstallScript": true,
      "license": "MIT",
      "os": [
        "win32",
        "darwin",
        "linux"
      ],
      "bin": {
        "bmad-mcp-server": "scripts/bmad-mcp-server.js"
      },
      "devDependencies": {},
      "engines": {
        "node": ">=16.0.0",
        "python": ">=3.8.0"
      },
      "funding": {
        "type": "github",
        "url": "https://github.com/sponsors/bmad-team"
      },
      "peerDependencies": {
        "python": ">=3.8.0"
      }
    }
  }
}
